
Microsoft Visual Studio Solution File, Format Version 12.00
# Visual Studio Version 16
VisualStudioVersion = 16.0.29613.14
MinimumVisualStudioVersion = 10.0.40219.1
Project("{8BC9CEB8-8B4A-11D0-8D11-00A0C91BC942}") = "Weapon", "Weapon\Weapon.vcxproj", "{FFC69A5B-0E98-4210-9029-B12AC9A13214}"
EndProject
Global
	GlobalSection(SolutionConfigurationPlatforms) = preSolution
		Debug|x64 = Debug|x64
		Debug|x86 = Debug|x86
		Release|x64 = Release|x64
		Release|x86 = Release|x86
	EndGlobalSection
	GlobalSection(ProjectConfigurationPlatforms) = postSolution
		{FFC69A5B-0E98-4210-9029-B12AC9A13214}.Debug|x64.ActiveCfg = Debug|x64
		{FFC69A5B-0E98-4210-9029-B12AC9A13214}.Debug|x64.Build.0 = Debug|x64
		{FFC69A5B-0E98-4210-9029-B12AC9A13214}.Debug|x86.ActiveCfg = Debug|Win32
		{FFC69A5B-0E98-4210-9029-B12AC9A13214}.Debug|x86.Build.0 = Debug|Win32
		{FFC69A5B-0E98-4210-9029-B12AC9A13214}.Release|x64.ActiveCfg = Release|x64
		{FFC69A5B-0E98-4210-9029-B12AC9A13214}.Release|x64.Build.0 = Release|x64
		{FFC69A5B-0E98-4210-9029-B12AC9A13214}.Release|x86.ActiveCfg = Release|Win32
		{FFC69A5B-0E98-4210-9029-B12AC9A13214}.Release|x86.Build.0 = Release|Win32
	EndGlobalSection
	GlobalSection(SolutionProperties) = preSolution
		HideSolutionNode = FALSE
	EndGlobalSection
	GlobalSection(ExtensibilityGlobals) = postSolution
		SolutionGuid = {E9963234-A670-422C-868B-8C20F2833C6A}
	EndGlobalSection
EndGlobal
